// !$*UTF8*$!
{
	archiveVersion = 1;
	classes = {
	};
	objectVersion = 55;
	objects = {

/* Begin PBXBuildFile section */
		34FEEBFC28FD0BA30019194C /* AppDelegate.swift in Sources */ = {isa = PBXBuildFile; fileRef = 34FEEBFB28FD0BA30019194C /* AppDelegate.swift */; };
		34FEEBFE28FD0BA30019194C /* SceneDelegate.swift in Sources */ = {isa = PBXBuildFile; fileRef = 34FEEBFD28FD0BA30019194C /* SceneDelegate.swift */; };
		34FEEC0028FD0BA30019194C /* ViewController.swift in Sources */ = {isa = PBXBuildFile; fileRef = 34FEEBFF28FD0BA30019194C /* ViewController.swift */; };
		34FEEC0328FD0BA30019194C /* Main.storyboard in Resources */ = {isa = PBXBuildFile; fileRef = 34FEEC0128FD0BA30019194C /* Main.storyboard */; };
		34FEEC0528FD0BA30019194C /* Assets.xcassets in Resources */ = {isa = PBXBuildFile; fileRef = 34FEEC0428FD0BA30019194C /* Assets.xcassets */; };
		34FEEC0828FD0BA30019194C /* LaunchScreen.storyboard in Resources */ = {isa = PBXBuildFile; fileRef = 34FEEC0628FD0BA30019194C /* LaunchScreen.storyboard */; };
		34FEEC1328FD0BA40019194C /* Second_Car_PlayTests.swift in Sources */ = {isa = PBXBuildFile; fileRef = 34FEEC1228FD0BA40019194C /* Second_Car_PlayTests.swift */; };
		34FEEC1D28FD0BA40019194C /* Second_Car_PlayUITests.swift in Sources */ = {isa = PBXBuildFile; fileRef = 34FEEC1C28FD0BA40019194C /* Second_Car_PlayUITests.swift */; };
		34FEEC1F28FD0BA40019194C /* Second_Car_PlayUITestsLaunchTests.swift in Sources */ = {isa = PBXBuildFile; fileRef = 34FEEC1E28FD0BA40019194C /* Second_Car_PlayUITestsLaunchTests.swift */; };
/* End PBXBuildFile section */

/* Begin PBXContainerItemProxy section */
		34FEEC0F28FD0BA40019194C /* PBXContainerItemProxy */ = {
			isa = PBXContainerItemProxy;
			containerPortal = 34FEEBF028FD0BA30019194C /* Project object */;
			proxyType = 1;
			remoteGlobalIDString = 34FEEBF728FD0BA30019194C;
			remoteInfo = "Second Car Play";
		};
		34FEEC1928FD0BA40019194C /* PBXContainerItemProxy */ = {
			isa = PBXContainerItemProxy;
			containerPortal = 34FEEBF028FD0BA30019194C /* Project object */;
			proxyType = 1;
			remoteGlobalIDString = 34FEEBF728FD0BA30019194C;
			remoteInfo = "Second Car Play";
		};
/* End PBXContainerItemProxy section */

/* Begin PBXFileReference section */
		34FEEBF828FD0BA30019194C /* Second Car Play.app */ = {isa = PBXFileReference; explicitFileType = wrapper.application; includeInIndex = 0; path = "Second Car Play.app"; sourceTree = BUILT_PRODUCTS_DIR; };
		34FEEBFB28FD0BA30019194C /* AppDelegate.swift */ = {isa = PBXFileReference; lastKnownFileType = sourcecode.swift; path = AppDelegate.swift; sourceTree = "<group>"; };
		34FEEBFD28FD0BA30019194C /* SceneDelegate.swift */ = {isa = PBXFileReference; lastKnownFileType = sourcecode.swift; path = SceneDelegate.swift; sourceTree = "<group>"; };
		34FEEBFF28FD0BA30019194C /* ViewController.swift */ = {isa = PBXFileReference; lastKnownFileType = sourcecode.swift; path = ViewController.swift; sourceTree = "<group>"; };
		34FEEC0228FD0BA30019194C /* Base */ = {isa = PBXFileReference; lastKnownFileType = file.storyboard; name = Base; path = Base.lproj/Main.storyboard; sourceTree = "<group>"; };
		34FEEC0428FD0BA30019194C /* Assets.xcassets */ = {isa = PBXFileReference; lastKnownFileType = folder.assetcatalog; path = Assets.xcassets; sourceTree = "<group>"; };
		34FEEC0728FD0BA30019194C /* Base */ = {isa = PBXFileReference; lastKnownFileType = file.storyboard; name = Base; path = Base.lproj/LaunchScreen.storyboard; sourceTree = "<group>"; };
		34FEEC0928FD0BA30019194C /* Info.plist */ = {isa = PBXFileReference; lastKnownFileType = text.plist.xml; path = Info.plist; sourceTree = "<group>"; };
		34FEEC0E28FD0BA40019194C /* Second Car PlayTests.xctest */ = {isa = PBXFileReference; explicitFileType = wrapper.cfbundle; includeInIndex = 0; path = "Second Car PlayTests.xctest"; sourceTree = BUILT_PRODUCTS_DIR; };
		34FEEC1228FD0BA40019194C /* Second_Car_PlayTests.swift */ = {isa = PBXFileReference; lastKnownFileType = sourcecode.swift; path = Second_Car_PlayTests.swift; sourceTree = "<group>"; };
		34FEEC1828FD0BA40019194C /* Second Car PlayUITests.xctest */ = {isa = PBXFileReference; explicitFileType = wrapper.cfbundle; includeInIndex = 0; path = "Second Car PlayUITests.xctest"; sourceTree = BUILT_PRODUCTS_DIR; };
		34FEEC1C28FD0BA40019194C /* Second_Car_PlayUITests.swift */ = {isa = PBXFileReference; lastKnownFileType = sourcecode.swift; path = Second_Car_PlayUITests.swift; sourceTree = "<group>"; };
		34FEEC1E28FD0BA40019194C /* Second_Car_PlayUITestsLaunchTests.swift */ = {isa = PBXFileReference; lastKnownFileType = sourcecode.swift; path = Second_Car_PlayUITestsLaunchTests.swift; sourceTree = "<group>"; };
		34FEEC2B28FD0C070019194C /* Second Car Play.entitlements */ = {isa = PBXFileReference; lastKnownFileType = text.plist.entitlements; path = "Second Car Play.entitlements"; sourceTree = "<group>"; };
/* End PBXFileReference section */

/* Begin PBXFrameworksBuildPhase section */
		34FEEBF528FD0BA30019194C /* Frameworks */ = {
			isa = PBXFrameworksBuildPhase;
			buildActionMask = 2147483647;
			files = (
			);
			runOnlyForDeploymentPostprocessing = 0;
		};
		34FEEC0B28FD0BA40019194C /* Frameworks */ = {
			isa = PBXFrameworksBuildPhase;
			buildActionMask = 2147483647;
			files = (
			);
			runOnlyForDeploymentPostprocessing = 0;
		};
		34FEEC1528FD0BA40019194C /* Frameworks */ = {
			isa = PBXFrameworksBuildPhase;
			buildActionMask = 2147483647;
			files = (
			);
			runOnlyForDeploymentPostprocessing = 0;
		};
/* End PBXFrameworksBuildPhase section */

/* Begin PBXGroup section */
		34FEEBEF28FD0BA30019194C = {
			isa = PBXGroup;
			children = (
				34FEEBFA28FD0BA30019194C /* Second Car Play */,
				34FEEC1128FD0BA40019194C /* Second Car PlayTests */,
				34FEEC1B28FD0BA40019194C /* Second Car PlayUITests */,
				34FEEBF928FD0BA30019194C /* Products */,
			);
			sourceTree = "<group>";
		};
		34FEEBF928FD0BA30019194C /* Products */ = {
			isa = PBXGroup;
			children = (
				34FEEBF828FD0BA30019194C /* Second Car Play.app */,
				34FEEC0E28FD0BA40019194C /* Second Car PlayTests.xctest */,
				34FEEC1828FD0BA40019194C /* Second Car PlayUITests.xctest */,
			);
			name = Products;
			sourceTree = "<group>";
		};
		34FEEBFA28FD0BA30019194C /* Second Car Play */ = {
			isa = PBXGroup;
			children = (
				34FEEC2B28FD0C070019194C /* Second Car Play.entitlements */,
				34FEEBFB28FD0BA30019194C /* AppDelegate.swift */,
				34FEEBFD28FD0BA30019194C /* SceneDelegate.swift */,
				34FEEBFF28FD0BA30019194C /* ViewController.swift */,
				34FEEC0128FD0BA30019194C /* Main.storyboard */,
				34FEEC0428FD0BA30019194C /* Assets.xcassets */,
				34FEEC0628FD0BA30019194C /* LaunchScreen.storyboard */,
				34FEEC0928FD0BA30019194C /* Info.plist */,
			);
			path = "Second Car Play";
			sourceTree = "<group>";
		};
		34FEEC1128FD0BA40019194C /* Second Car PlayTests */ = {
			isa = PBXGroup;
			children = (
				34FEEC1228FD0BA40019194C /* Second_Car_PlayTests.swift */,
			);
			path = "Second Car PlayTests";
			sourceTree = "<group>";
		};
		34FEEC1B28FD0BA40019194C /* Second Car PlayUITests */ = {
			isa = PBXGroup;
			children = (
				34FEEC1C28FD0BA40019194C /* Second_Car_PlayUITests.swift */,
				34FEEC1E28FD0BA40019194C /* Second_Car_PlayUITestsLaunchTests.swift */,
			);
			path = "Second Car PlayUITests";
			sourceTree = "<group>";
		};
/* End PBXGroup section */

/* Begin PBXNativeTarget section */
		34FEEBF728FD0BA30019194C /* Second Car Play */ = {
			isa = PBXNativeTarget;
			buildConfigurationList = 34FEEC2228FD0BA40019194C /* Build configuration list for PBXNativeTarget "Second Car Play" */;
			buildPhases = (
				34FEEBF428FD0BA30019194C /* Sources */,
				34FEEBF528FD0BA30019194C /* Frameworks */,
				34FEEBF628FD0BA30019194C /* Resources */,
			);
			buildRules = (
			);
			dependencies = (
			);
			name = "Second Car Play";
			productName = "Second Car Play";
			productReference = 34FEEBF828FD0BA30019194C /* Second Car Play.app */;
			productType = "com.apple.product-type.application";
		};
		34FEEC0D28FD0BA40019194C /* Second Car PlayTests */ = {
			isa = PBXNativeTarget;
			buildConfigurationList = 34FEEC2528FD0BA40019194C /* Build configuration list for PBXNativeTarget "Second Car PlayTests" */;
			buildPhases = (
				34FEEC0A28FD0BA40019194C /* Sources */,
				34FEEC0B28FD0BA40019194C /* Frameworks */,
				34FEEC0C28FD0BA40019194C /* Resources */,
			);
			buildRules = (
			);
			dependencies = (
				34FEEC1028FD0BA40019194C /* PBXTargetDependency */,
			);
			name = "Second Car PlayTests";
			productName = "Second Car PlayTests";
			productReference = 34FEEC0E28FD0BA40019194C /* Second Car PlayTests.xctest */;
			productType = "com.apple.product-type.bundle.unit-test";
		};
		34FEEC1728FD0BA40019194C /* Second Car PlayUITests */ = {
			isa = PBXNativeTarget;
			buildConfigurationList = 34FEEC2828FD0BA40019194C /* Build configuration list for PBXNativeTarget "Second Car PlayUITests" */;
			buildPhases = (
				34FEEC1428FD0BA40019194C /* Sources */,
				34FEEC1528FD0BA40019194C /* Frameworks */,
				34FEEC1628FD0BA40019194C /* Resources */,
			);
			buildRules = (
			);
			dependencies = (
				34FEEC1A28FD0BA40019194C /* PBXTargetDependency */,
			);
			name = "Second Car PlayUITests";
			productName = "Second Car PlayUITests";
			productReference = 34FEEC1828FD0BA40019194C /* Second Car PlayUITests.xctest */;
			productType = "com.apple.product-type.bundle.ui-testing";
		};
/* End PBXNativeTarget section */

/* Begin PBXProject section */
		34FEEBF028FD0BA30019194C /* Project object */ = {
			isa = PBXProject;
			attributes = {
				BuildIndependentTargetsInParallel = 1;
				LastSwiftUpdateCheck = 1320;
				LastUpgradeCheck = 1320;
				TargetAttributes = {
					34FEEBF728FD0BA30019194C = {
						CreatedOnToolsVersion = 13.2.1;
					};
					34FEEC0D28FD0BA40019194C = {
						CreatedOnToolsVersion = 13.2.1;
						TestTargetID = 34FEEBF728FD0BA30019194C;
					};
					34FEEC1728FD0BA40019194C = {
						CreatedOnToolsVersion = 13.2.1;
						TestTargetID = 34FEEBF728FD0BA30019194C;
					};
				};
			};
			buildConfigurationList = 34FEEBF328FD0BA30019194C /* Build configuration list for PBXProject "Second Car Play" */;
			compatibilityVersion = "Xcode 13.0";
			developmentRegion = en;
			hasScannedForEncodings = 0;
			knownRegions = (
				en,
				Base,
			);
			mainGroup = 34FEEBEF28FD0BA30019194C;
			productRefGroup = 34FEEBF928FD0BA30019194C /* Products */;
			projectDirPath = "";
			projectRoot = "";
			targets = (
				34FEEBF728FD0BA30019194C /* Second Car Play */,
				34FEEC0D28FD0BA40019194C /* Second Car PlayTests */,
				34FEEC1728FD0BA40019194C /* Second Car PlayUITests */,
			);
		};
/* End PBXProject section */

/* Begin PBXResourcesBuildPhase section */
		34FEEBF628FD0BA30019194C /* Resources */ = {
			isa = PBXResourcesBuildPhase;
			buildActionMask = 2147483647;
			files = (
				34FEEC0828FD0BA30019194C /* LaunchScreen.storyboard in Resources */,
				34FEEC0528FD0BA30019194C /* Assets.xcassets in Resources */,
				34FEEC0328FD0BA30019194C /* Main.storyboard in Resources */,
			);
			runOnlyForDeploymentPostprocessing = 0;
		};
		34FEEC0C28FD0BA40019194C /* Resources */ = {
			isa = PBXResourcesBuildPhase;
			buildActionMask = 2147483647;
			files = (
			);
			runOnlyForDeploymentPostprocessing = 0;
		};
		34FEEC1628FD0BA40019194C /* Resources */ = {
			isa = PBXResourcesBuildPhase;
			buildActionMask = 2147483647;
			files = (
			);
			runOnlyForDeploymentPostprocessing = 0;
		};
/* End PBXResourcesBuildPhase section */

/* Begin PBXSourcesBuildPhase section */
		34FEEBF428FD0BA30019194C /* Sources */ = {
			isa = PBXSourcesBuildPhase;
			buildActionMask = 2147483647;
			files = (
				34FEEC0028FD0BA30019194C /* ViewController.swift in Sources */,
				34FEEBFC28FD0BA30019194C /* AppDelegate.swift in Sources */,
				34FEEBFE28FD0BA30019194C /* SceneDelegate.swift in Sources */,
			);
			runOnlyForDeploymentPostprocessing = 0;
		};
		34FEEC0A28FD0BA40019194C /* Sources */ = {
			isa = PBXSourcesBuildPhase;
			buildActionMask = 2147483647;
			files = (
				34FEEC1328FD0BA40019194C /* Second_Car_PlayTests.swift in Sources */,
			);
			runOnlyForDeploymentPostprocessing = 0;
		};
		34FEEC1428FD0BA40019194C /* Sources */ = {
			isa = PBXSourcesBuildPhase;
			buildActionMask = 2147483647;
			files = (
				34FEEC1D28FD0BA40019194C /* Second_Car_PlayUITests.swift in Sources */,
				34FEEC1F28FD0BA40019194C /* Second_Car_PlayUITestsLaunchTests.swift in Sources */,
			);
			runOnlyForDeploymentPostprocessing = 0;
		};
/* End PBXSourcesBuildPhase section */

/* Begin PBXTargetDependency section */
		34FEEC1028FD0BA40019194C /* PBXTargetDependency */ = {
			isa = PBXTargetDependency;
			target = 34FEEBF728FD0BA30019194C /* Second Car Play */;
			targetProxy = 34FEEC0F28FD0BA40019194C /* PBXContainerItemProxy */;
		};
		34FEEC1A28FD0BA40019194C /* PBXTargetDependency */ = {
			isa = PBXTargetDependency;
			target = 34FEEBF728FD0BA30019194C /* Second Car Play */;
			targetProxy = 34FEEC1928FD0BA40019194C /* PBXContainerItemProxy */;
		};
/* End PBXTargetDependency section */

/* Begin PBXVariantGroup section */
		34FEEC0128FD0BA30019194C /* Main.storyboard */ = {
			isa = PBXVariantGroup;
			children = (
				34FEEC0228FD0BA30019194C /* Base */,
			);
			name = Main.storyboard;
			sourceTree = "<group>";
		};
		34FEEC0628FD0BA30019194C /* LaunchScreen.storyboard */ = {
			isa = PBXVariantGroup;
			children = (
				34FEEC0728FD0BA30019194C /* Base */,
			);
			name = LaunchScreen.storyboard;
			sourceTree = "<group>";
		};
/* End PBXVariantGroup section */

/* Begin XCBuildConfiguration section */
		34FEEC2028FD0BA40019194C /* Debug */ = {
			isa = XCBuildConfiguration;
			buildSettings = {
				ALWAYS_SEARCH_USER_PATHS = NO;
				CLANG_ANALYZER_NONNULL = YES;
				CLANG_ANALYZER_NUMBER_OBJECT_CONVERSION = YES_AGGRESSIVE;
				CLANG_CXX_LANGUAGE_STANDARD = "gnu++17";
				CLANG_CXX_LIBRARY = "libc++";
				CLANG_ENABLE_MODULES = YES;
				CLANG_ENABLE_OBJC_ARC = YES;
				CLANG_ENABLE_OBJC_WEAK = YES;
				CLANG_WARN_BLOCK_CAPTURE_AUTORELEASING = YES;
				CLANG_WARN_BOOL_CONVERSION = YES;
				CLANG_WARN_COMMA = YES;
				CLANG_WARN_CONSTANT_CONVERSION = YES;
				CLANG_WARN_DEPRECATED_OBJC_IMPLEMENTATIONS = YES;
				CLANG_WARN_DIRECT_OBJC_ISA_USAGE = YES_ERROR;
				CLANG_WARN_DOCUMENTATION_COMMENTS = YES;
				CLANG_WARN_EMPTY_BODY = YES;
				CLANG_WARN_ENUM_CONVERSION = YES;
				CLANG_WARN_INFINITE_RECURSION = YES;
				CLANG_WARN_INT_CONVERSION = YES;
				CLANG_WARN_NON_LITERAL_NULL_CONVERSION = YES;
				CLANG_WARN_OBJC_IMPLICIT_RETAIN_SELF = YES;
				CLANG_WARN_OBJC_LITERAL_CONVERSION = YES;
				CLANG_WARN_OBJC_ROOT_CLASS = YES_ERROR;
				CLANG_WARN_QUOTED_INCLUDE_IN_FRAMEWORK_HEADER = YES;
				CLANG_WARN_RANGE_LOOP_ANALYSIS = YES;
				CLANG_WARN_STRICT_PROTOTYPES = YES;
				CLANG_WARN_SUSPICIOUS_MOVE = YES;
				CLANG_WARN_UNGUARDED_AVAILABILITY = YES_AGGRESSIVE;
				CLANG_WARN_UNREACHABLE_CODE = YES;
				CLANG_WARN__DUPLICATE_METHOD_MATCH = YES;
				COPY_PHASE_STRIP = NO;
				DEBUG_INFORMATION_FORMAT = dwarf;
				ENABLE_STRICT_OBJC_MSGSEND = YES;
				ENABLE_TESTABILITY = YES;
				GCC_C_LANGUAGE_STANDARD = gnu11;
				GCC_DYNAMIC_NO_PIC = NO;
				GCC_NO_COMMON_BLOCKS = YES;
				GCC_OPTIMIZATION_LEVEL = 0;
				GCC_PREPROCESSOR_DEFINITIONS = (
					"DEBUG=1",
					"$(inherited)",
				);
				GCC_WARN_64_TO_32_BIT_CONVERSION = YES;
				GCC_WARN_ABOUT_RETURN_TYPE = YES_ERROR;
				GCC_WARN_UNDECLARED_SELECTOR = YES;
				GCC_WARN_UNINITIALIZED_AUTOS = YES_AGGRESSIVE;
				GCC_WARN_UNUSED_FUNCTION = YES;
				GCC_WARN_UNUSED_VARIABLE = YES;
				IPHONEOS_DEPLOYMENT_TARGET = 15.2;
				MTL_ENABLE_DEBUG_INFO = INCLUDE_SOURCE;
				MTL_FAST_MATH = YES;
				ONLY_ACTIVE_ARCH = YES;
				SDKROOT = iphoneos;
				SWIFT_ACTIVE_COMPILATION_CONDITIONS = DEBUG;
				SWIFT_OPTIMIZATION_LEVEL = "-Onone";
			};
			name = Debug;
		};
		34FEEC2128FD0BA40019194C /* Release */ = {
			isa = XCBuildConfiguration;
			buildSettings = {
				ALWAYS_SEARCH_USER_PATHS = NO;
				CLANG_ANALYZER_NONNULL = YES;
				CLANG_ANALYZER_NUMBER_OBJECT_CONVERSION = YES_AGGRESSIVE;
				CLANG_CXX_LANGUAGE_STANDARD = "gnu++17";
				CLANG_CXX_LIBRARY = "libc++";
				CLANG_ENABLE_MODULES = YES;
				CLANG_ENABLE_OBJC_ARC = YES;
				CLANG_ENABLE_OBJC_WEAK = YES;
				CLANG_WARN_BLOCK_CAPTURE_AUTORELEASING = YES;
				CLANG_WARN_BOOL_CONVERSION = YES;
				CLANG_WARN_COMMA = YES;
				CLANG_WARN_CONSTANT_CONVERSION = YES;
				CLANG_WARN_DEPRECATED_OBJC_IMPLEMENTATIONS = YES;
				CLANG_WARN_DIRECT_OBJC_ISA_USAGE = YES_ERROR;
				CLANG_WARN_DOCUMENTATION_COMMENTS = YES;
				CLANG_WARN_EMPTY_BODY = YES;
				CLANG_WARN_ENUM_CONVERSION = YES;
				CLANG_WARN_INFINITE_RECURSION = YES;
				CLANG_WARN_INT_CONVERSION = YES;
				CLANG_WARN_NON_LITERAL_NULL_CONVERSION = YES;
				CLANG_WARN_OBJC_IMPLICIT_RETAIN_SELF = YES;
				CLANG_WARN_OBJC_LITERAL_CONVERSION = YES;
				CLANG_WARN_OBJC_ROOT_CLASS = YES_ERROR;
				CLANG_WARN_QUOTED_INCLUDE_IN_FRAMEWORK_HEADER = YES;
				CLANG_WARN_RANGE_LOOP_ANALYSIS = YES;
				CLANG_WARN_STRICT_PROTOTYPES = YES;
				CLANG_WARN_SUSPICIOUS_MOVE = YES;
				CLANG_WARN_UNGUARDED_AVAILABILITY = YES_AGGRESSIVE;
				CLANG_WARN_UNREACHABLE_CODE = YES;
				CLANG_WARN__DUPLICATE_METHOD_MATCH = YES;
				COPY_PHASE_STRIP = NO;
				DEBUG_INFORMATION_FORMAT = "dwarf-with-dsym";
				ENABLE_NS_ASSERTIONS = NO;
				ENABLE_STRICT_OBJC_MSGSEND = YES;
				GCC_C_LANGUAGE_STANDARD = gnu11;
				GCC_NO_COMMON_BLOCKS = YES;
				GCC_WARN_64_TO_32_BIT_CONVERSION = YES;
				GCC_WARN_ABOUT_RETURN_TYPE = YES_ERROR;
				GCC_WARN_UNDECLARED_SELECTOR = YES;
				GCC_WARN_UNINITIALIZED_AUTOS = YES_AGGRESSIVE;
				GCC_WARN_UNUSED_FUNCTION = YES;
				GCC_WARN_UNUSED_VARIABLE = YES;
				IPHONEOS_DEPLOYMENT_TARGET = 15.2;
				MTL_ENABLE_DEBUG_INFO = NO;
				MTL_FAST_MATH = YES;
				SDKROOT = iphoneos;
				SWIFT_COMPILATION_MODE = wholemodule;
				SWIFT_OPTIMIZATION_LEVEL = "-O";
				VALIDATE_PRODUCT = YES;
			};
			name = Release;
		};
		34FEEC2328FD0BA40019194C /* Debug */ = {
			isa = XCBuildConfiguration;
			buildSettings = {
				ASSETCATALOG_COMPILER_APPICON_NAME = AppIcon;
				ASSETCATALOG_COMPILER_GLOBAL_ACCENT_COLOR_NAME = AccentColor;
				CODE_SIGN_ENTITLEMENTS = "Second Car Play/Second Car Play.entitlements";
				CODE_SIGN_STYLE = Automatic;
				CURRENT_PROJECT_VERSION = 1;
				DEVELOPMENT_TEAM = X7LG66FXVT;
				GENERATE_INFOPLIST_FILE = YES;
				INFOPLIST_FILE = "Second Car Play/Info.plist";
				INFOPLIST_KEY_UIApplicationSupportsIndirectInputEvents = YES;
				INFOPLIST_KEY_UILaunchStoryboardName = LaunchScreen;
				INFOPLIST_KEY_UIMainStoryboardFile = Main;
				INFOPLIST_KEY_UISupportedInterfaceOrientations_iPad = "UIInterfaceOrientationPortrait UIInterfaceOrientationPortraitUpsideDown UIInterfaceOrientationLandscapeLeft UIInterfaceOrientationLandscapeRight";
				INFOPLIST_KEY_UISupportedInterfaceOrientations_iPhone = "UIInterfaceOrientationPortrait UIInterfaceOrientationLandscapeLeft UIInterfaceOrientationLandscapeRight";
				LD_RUNPATH_SEARCH_PATHS = (
					"$(inherited)",
					"@executable_path/Frameworks",
				);
				MARKETING_VERSION = 1.0;
				PRODUCT_BUNDLE_IDENTIFIER = "com.nickagas.Second-Car-Play";
				PRODUCT_NAME = "$(TARGET_NAME)";
				SWIFT_EMIT_LOC_STRINGS = YES;
				SWIFT_VERSION = 5.0;
				TARGETED_DEVICE_FAMILY = "1,2";
			};
			name = Debug;
		};
		34FEEC2428FD0BA40019194C /* Release */ = {
			isa = XCBuildConfiguration;
			buildSettings = {
				ASSETCATALOG_COMPILER_APPICON_NAME = AppIcon;
				ASSETCATALOG_COMPILER_GLOBAL_ACCENT_COLOR_NAME = AccentColor;
				CODE_SIGN_ENTITLEMENTS = "Second Car Play/Second Car Play.entitlements";
				CODE_SIGN_STYLE = Automatic;
				CURRENT_PROJECT_VERSION = 1;
				DEVELOPMENT_TEAM = X7LG66FXVT;
				GENERATE_INFOPLIST_FILE = YES;
				INFOPLIST_FILE = "Second Car Play/Info.plist";
				INFOPLIST_KEY_UIApplicationSupportsIndirectInputEvents = YES;
				INFOPLIST_KEY_UILaunchStoryboardName = LaunchScreen;
				INFOPLIST_KEY_UIMainStoryboardFile = Main;
				INFOPLIST_KEY_UISupportedInterfaceOrientations_iPad = "UIInterfaceOrientationPortrait UIInterfaceOrientationPortraitUpsideDown UIInterfaceOrientationLandscapeLeft UIInterfaceOrientationLandscapeRight";
				INFOPLIST_KEY_UISupportedInterfaceOrientations_iPhone = "UIInterfaceOrientationPortrait UIInterfaceOrientationLandscapeLeft UIInterfaceOrientationLandscapeRight";
				LD_RUNPATH_SEARCH_PATHS = (
					"$(inherited)",
					"@executable_path/Frameworks",
				);
				MARKETING_VERSION = 1.0;
				PRODUCT_BUNDLE_IDENTIFIER = "com.nickagas.Second-Car-Play";
				PRODUCT_NAME = "$(TARGET_NAME)";
				SWIFT_EMIT_LOC_STRINGS = YES;
				SWIFT_VERSION = 5.0;
				TARGETED_DEVICE_FAMILY = "1,2";
			};
			name = Release;
		};
		34FEEC2628FD0BA40019194C /* Debug */ = {
			isa = XCBuildConfiguration;
			buildSettings = {
				ALWAYS_EMBED_SWIFT_STANDARD_LIBRARIES = YES;
				BUNDLE_LOADER = "$(TEST_HOST)";
				CODE_SIGN_STYLE = Automatic;
				CURRENT_PROJECT_VERSION = 1;
				DEVELOPMENT_TEAM = X7LG66FXVT;
				GENERATE_INFOPLIST_FILE = YES;
				IPHONEOS_DEPLOYMENT_TARGET = 15.2;
				MARKETING_VERSION = 1.0;
				PRODUCT_BUNDLE_IDENTIFIER = "com.nickagas.Second-Car-PlayTests";
				PRODUCT_NAME = "$(TARGET_NAME)";
				SWIFT_EMIT_LOC_STRINGS = NO;
				SWIFT_VERSION = 5.0;
				TARGETED_DEVICE_FAMILY = "1,2";
				TEST_HOST = "$(BUILT_PRODUCTS_DIR)/Second Car Play.app/Second Car Play";
			};
			name = Debug;
		};
		34FEEC2728FD0BA40019194C /* Release */ = {
			isa = XCBuildConfiguration;
			buildSettings = {
				ALWAYS_EMBED_SWIFT_STANDARD_LIBRARIES = YES;
				BUNDLE_LOADER = "$(TEST_HOST)";
				CODE_SIGN_STYLE = Automatic;
				CURRENT_PROJECT_VERSION = 1;
				DEVELOPMENT_TEAM = X7LG66FXVT;
				GENERATE_INFOPLIST_FILE = YES;
				IPHONEOS_DEPLOYMENT_TARGET = 15.2;
				MARKETING_VERSION = 1.0;
				PRODUCT_BUNDLE_IDENTIFIER = "com.nickagas.Second-Car-PlayTests";
				PRODUCT_NAME = "$(TARGET_NAME)";
				SWIFT_EMIT_LOC_STRINGS = NO;
				SWIFT_VERSION = 5.0;
				TARGETED_DEVICE_FAMILY = "1,2";
				TEST_HOST = "$(BUILT_PRODUCTS_DIR)/Second Car Play.app/Second Car Play";
			};
			name = Release;
		};
		34FEEC2928FD0BA40019194C /* Debug */ = {
			isa = XCBuildConfiguration;
			buildSettings = {
				ALWAYS_EMBED_SWIFT_STANDARD_LIBRARIES = YES;
				CODE_SIGN_STYLE = Automatic;
				CURRENT_PROJECT_VERSION = 1;
				DEVELOPMENT_TEAM = X7LG66FXVT;
				GENERATE_INFOPLIST_FILE = YES;
				MARKETING_VERSION = 1.0;
				PRODUCT_BUNDLE_IDENTIFIER = "com.nickagas.Second-Car-PlayUITests";
				PRODUCT_NAME = "$(TARGET_NAME)";
				SWIFT_EMIT_LOC_STRINGS = NO;
				SWIFT_VERSION = 5.0;
				TARGETED_DEVICE_FAMILY = "1,2";
				TEST_TARGET_NAME = "Second Car Play";
			};
			name = Debug;
		};
		34FEEC2A28FD0BA40019194C /* Release */ = {
			isa = XCBuildConfiguration;
			buildSettings = {
				ALWAYS_EMBED_SWIFT_STANDARD_LIBRARIES = YES;
				CODE_SIGN_STYLE = Automatic;
				CURRENT_PROJECT_VERSION = 1;
				DEVELOPMENT_TEAM = X7LG66FXVT;
				GENERATE_INFOPLIST_FILE = YES;
				MARKETING_VERSION = 1.0;
				PRODUCT_BUNDLE_IDENTIFIER = "com.nickagas.Second-Car-PlayUITests";
				PRODUCT_NAME = "$(TARGET_NAME)";
				SWIFT_EMIT_LOC_STRINGS = NO;
				SWIFT_VERSION = 5.0;
				TARGETED_DEVICE_FAMILY = "1,2";
				TEST_TARGET_NAME = "Second Car Play";
			};
			name = Release;
		};
/* End XCBuildConfiguration section */

/* Begin XCConfigurationList section */
		34FEEBF328FD0BA30019194C /* Build configuration list for PBXProject "Second Car Play" */ = {
			isa = XCConfigurationList;
			buildConfigurations = (
				34FEEC2028FD0BA40019194C /* Debug */,
				34FEEC2128FD0BA40019194C /* Release */,
			);
			defaultConfigurationIsVisible = 0;
			defaultConfigurationName = Release;
		};
		34FEEC2228FD0BA40019194C /* Build configuration list for PBXNativeTarget "Second Car Play" */ = {
			isa = XCConfigurationList;
			buildConfigurations = (
				34FEEC2328FD0BA40019194C /* Debug */,
				34FEEC2428FD0BA40019194C /* Release */,
			);
			defaultConfigurationIsVisible = 0;
			defaultConfigurationName = Release;
		};
		34FEEC2528FD0BA40019194C /* Build configuration list for PBXNativeTarget "Second Car PlayTests" */ = {
			isa = XCConfigurationList;
			buildConfigurations = (
				34FEEC2628FD0BA40019194C /* Debug */,
				34FEEC2728FD0BA40019194C /* Release */,
			);
			defaultConfigurationIsVisible = 0;
			defaultConfigurationName = Release;
		};
		34FEEC2828FD0BA40019194C /* Build configuration list for PBXNativeTarget "Second Car PlayUITests" */ = {
			isa = XCConfigurationList;
			buildConfigurations = (
				34FEEC2928FD0BA40019194C /* Debug */,
				34FEEC2A28FD0BA40019194C /* Release */,
			);
			defaultConfigurationIsVisible = 0;
			defaultConfigurationName = Release;
		};
/* End XCConfigurationList section */
	};
	rootObject = 34FEEBF028FD0BA30019194C /* Project object */;
}
